
Microsoft Visual Studio Solution File, Format Version 12.00
# Visual Studio Version 17
VisualStudioVersion = 17.1.32319.34
MinimumVisualStudioVersion = 10.0.40219.1
Project("{9A19103F-16F7-4668-BE54-9A1E7A4F7556}") = "CRUDACC", "CRUDACC\CRUDACC.csproj", "{0BBD6A08-48BB-4566-B8B8-25F9434C20E1}"
EndProject
Project("{9A19103F-16F7-4668-BE54-9A1E7A4F7556}") = "TestProject", "TestProject\TestProject.csproj", "{E2D50FD6-6833-404B-9DA3-71B187114658}"
EndProject
Global
	GlobalSection(SolutionConfigurationPlatforms) = preSolution
		Debug|Any CPU = Debug|Any CPU
		Release|Any CPU = Release|Any CPU
	EndGlobalSection
	GlobalSection(ProjectConfigurationPlatforms) = postSolution
		{0BBD6A08-48BB-4566-B8B8-25F9434C20E1}.Debug|Any CPU.ActiveCfg = Debug|Any CPU
		{0BBD6A08-48BB-4566-B8B8-25F9434C20E1}.Debug|Any CPU.Build.0 = Debug|Any CPU
		{0BBD6A08-48BB-4566-B8B8-25F9434C20E1}.Release|Any CPU.ActiveCfg = Release|Any CPU
		{0BBD6A08-48BB-4566-B8B8-25F9434C20E1}.Release|Any CPU.Build.0 = Release|Any CPU
		{E2D50FD6-6833-404B-9DA3-71B187114658}.Debug|Any CPU.ActiveCfg = Debug|Any CPU
		{E2D50FD6-6833-404B-9DA3-71B187114658}.Debug|Any CPU.Build.0 = Debug|Any CPU
		{E2D50FD6-6833-404B-9DA3-71B187114658}.Release|Any CPU.ActiveCfg = Release|Any CPU
		{E2D50FD6-6833-404B-9DA3-71B187114658}.Release|Any CPU.Build.0 = Release|Any CPU
	EndGlobalSection
	GlobalSection(SolutionProperties) = preSolution
		HideSolutionNode = FALSE
	EndGlobalSection
	GlobalSection(ExtensibilityGlobals) = postSolution
		SolutionGuid = {3B952F37-99B5-4B01-8D00-DA891A058A88}
	EndGlobalSection
EndGlobal
